
Microsoft Visual Studio Solution File, Format Version 12.00
# Visual Studio 15
VisualStudioVersion = 15.0.28307.852
MinimumVisualStudioVersion = 10.0.40219.1
Project("{2150E333-8FDC-42A3-9474-1A3956D46DE8}") = "0 - Presentation", "0 - Presentation", "{B12A9999-2531-4E57-85AF-E7E1DCDDA024}"
EndProject
Project("{2150E333-8FDC-42A3-9474-1A3956D46DE8}") = "2 - Application", "2 - Application", "{F2EF05F8-96F4-4FB6-8F41-E14F932D13C7}"
	ProjectSection(SolutionItems) = preProject
		..\git\ProjetoTeste.Application\ProjetoTeste.Application\AplicacaoResgateAppService.cs = ..\git\ProjetoTeste.Application\ProjetoTeste.Application\AplicacaoResgateAppService.cs
		..\git\ProjetoTeste.Application\ProjetoTeste.Application\AppServiceBase.cs = ..\git\ProjetoTeste.Application\ProjetoTeste.Application\AppServiceBase.cs
		..\git\ProjetoTeste.Application\ProjetoTeste.Application\FundosAppService.cs = ..\git\ProjetoTeste.Application\ProjetoTeste.Application\FundosAppService.cs
	EndProjectSection
EndProject
Project("{2150E333-8FDC-42A3-9474-1A3956D46DE8}") = "3 - Domain", "3 - Domain", "{E6447DB0-5281-4462-8B24-7C749C7D9D6A}"
EndProject
Project("{2150E333-8FDC-42A3-9474-1A3956D46DE8}") = "4 - Infra", "4 - Infra", "{68E07709-0100-400C-943D-BA9BE2665F69}"
EndProject
Project("{2150E333-8FDC-42A3-9474-1A3956D46DE8}") = "Data", "Data", "{11A9CFDF-5AA7-486E-A1DA-47ECBAE50665}"
EndProject
Project("{9A19103F-16F7-4668-BE54-9A1E7A4F7556}") = "FundosInvestimento.API", "FundosInvestimento.API\FundosInvestimento.API.csproj", "{D2ABBA25-9C79-49BF-9066-4D81522E4AC4}"
EndProject
Project("{9A19103F-16F7-4668-BE54-9A1E7A4F7556}") = "FundosInvestimento.Infra.Data", "FundosInvestimento.Infra.Data\FundosInvestimento.Infra.Data.csproj", "{4642BCFB-1FD5-4EBA-B061-B77C55D05E5D}"
EndProject
Project("{9A19103F-16F7-4668-BE54-9A1E7A4F7556}") = "FundosInvestimento.Domain", "FundosInvestimento.Domain\FundosInvestimento.Domain.csproj", "{A3DEBFA5-11D9-4C45-B958-A9C0D009C488}"
EndProject
Project("{9A19103F-16F7-4668-BE54-9A1E7A4F7556}") = "FundosInvestimento.Application", "FundosInvestimento.Application\FundosInvestimento.Application.csproj", "{A35A8F1D-9FC3-4564-ADB5-AD899E0FF5E9}"
EndProject
Global
	GlobalSection(SolutionConfigurationPlatforms) = preSolution
		Debug|Any CPU = Debug|Any CPU
		Release|Any CPU = Release|Any CPU
	EndGlobalSection
	GlobalSection(ProjectConfigurationPlatforms) = postSolution
		{D2ABBA25-9C79-49BF-9066-4D81522E4AC4}.Debug|Any CPU.ActiveCfg = Debug|Any CPU
		{D2ABBA25-9C79-49BF-9066-4D81522E4AC4}.Debug|Any CPU.Build.0 = Debug|Any CPU
		{D2ABBA25-9C79-49BF-9066-4D81522E4AC4}.Release|Any CPU.ActiveCfg = Release|Any CPU
		{D2ABBA25-9C79-49BF-9066-4D81522E4AC4}.Release|Any CPU.Build.0 = Release|Any CPU
		{4642BCFB-1FD5-4EBA-B061-B77C55D05E5D}.Debug|Any CPU.ActiveCfg = Debug|Any CPU
		{4642BCFB-1FD5-4EBA-B061-B77C55D05E5D}.Debug|Any CPU.Build.0 = Debug|Any CPU
		{4642BCFB-1FD5-4EBA-B061-B77C55D05E5D}.Release|Any CPU.ActiveCfg = Release|Any CPU
		{4642BCFB-1FD5-4EBA-B061-B77C55D05E5D}.Release|Any CPU.Build.0 = Release|Any CPU
		{A3DEBFA5-11D9-4C45-B958-A9C0D009C488}.Debug|Any CPU.ActiveCfg = Debug|Any CPU
		{A3DEBFA5-11D9-4C45-B958-A9C0D009C488}.Debug|Any CPU.Build.0 = Debug|Any CPU
		{A3DEBFA5-11D9-4C45-B958-A9C0D009C488}.Release|Any CPU.ActiveCfg = Release|Any CPU
		{A3DEBFA5-11D9-4C45-B958-A9C0D009C488}.Release|Any CPU.Build.0 = Release|Any CPU
		{A35A8F1D-9FC3-4564-ADB5-AD899E0FF5E9}.Debug|Any CPU.ActiveCfg = Debug|Any CPU
		{A35A8F1D-9FC3-4564-ADB5-AD899E0FF5E9}.Debug|Any CPU.Build.0 = Debug|Any CPU
		{A35A8F1D-9FC3-4564-ADB5-AD899E0FF5E9}.Release|Any CPU.ActiveCfg = Release|Any CPU
		{A35A8F1D-9FC3-4564-ADB5-AD899E0FF5E9}.Release|Any CPU.Build.0 = Release|Any CPU
	EndGlobalSection
	GlobalSection(SolutionProperties) = preSolution
		HideSolutionNode = FALSE
	EndGlobalSection
	GlobalSection(NestedProjects) = preSolution
		{11A9CFDF-5AA7-486E-A1DA-47ECBAE50665} = {68E07709-0100-400C-943D-BA9BE2665F69}
		{D2ABBA25-9C79-49BF-9066-4D81522E4AC4} = {B12A9999-2531-4E57-85AF-E7E1DCDDA024}
		{4642BCFB-1FD5-4EBA-B061-B77C55D05E5D} = {11A9CFDF-5AA7-486E-A1DA-47ECBAE50665}
		{A3DEBFA5-11D9-4C45-B958-A9C0D009C488} = {E6447DB0-5281-4462-8B24-7C749C7D9D6A}
		{A35A8F1D-9FC3-4564-ADB5-AD899E0FF5E9} = {F2EF05F8-96F4-4FB6-8F41-E14F932D13C7}
	EndGlobalSection
	GlobalSection(ExtensibilityGlobals) = postSolution
		SolutionGuid = {95448CA0-42B1-4F63-99AE-E44301E3B49C}
	EndGlobalSection
EndGlobal
